{
    "version": 3,
    "terraform_version": "0.8.8",
    "serial": 1,
    "lineage": "dcc8d44f-2607-4d43-bb1a-e2a01e4e3c3b",
    "modules": [
        {
            "path": [
                "root"
            ],
            "outputs": {
                "vpc_id": {
                    "sensitive": false,
                    "type": "string",
                    "value": "vpc-8062afe6"
                }
            },
            "resources": {
                "data.aws_availability_zones.available": {
                    "type": "aws_availability_zones",
                    "depends_on": [],
                    "primary": {
                        "id": "2017-07-12 19:04:49.056998396 +0000 UTC",
                        "attributes": {
                            "id": "2017-07-12 19:04:49.056998396 +0000 UTC",
                            "names.#": "3",
                            "names.0": "us-west-2a",
                            "names.1": "us-west-2b",
                            "names.2": "us-west-2c"
                        },
                        "meta": {},
                        "tainted": false
                    },
                    "deposed": [],
                    "provider": ""
                }
            },
            "depends_on": []
        },
        {
            "path": [
                "root",
                "remote_state"
            ],
            "outputs": {},
            "resources": {
                "aws_s3_bucket.bucket": {
                    "type": "aws_s3_bucket",
                    "depends_on": [],
                    "primary": {
                        "id": "terraform.rarmstrong-sanbox.com",
                        "attributes": {
                            "acceleration_status": "",
                            "acl": "private",
                            "arn": "arn:aws:s3:::terraform.rarmstrong-sanbox.com",
                            "bucket": "terraform.rarmstrong-sanbox.com",
                            "bucket_domain_name": "terraform.rarmstrong-sanbox.com.s3.amazonaws.com",
                            "force_destroy": "false",
                            "hosted_zone_id": "Z3BJ6K6RIION7M",
                            "id": "terraform.rarmstrong-sanbox.com",
                            "region": "us-west-2",
                            "request_payer": "BucketOwner",
                            "tags.%": "0",
                            "versioning.#": "1",
                            "versioning.0.enabled": "true",
                            "versioning.0.mfa_delete": "false",
                            "website.#": "0"
                        },
                        "meta": {},
                        "tainted": false
                    },
                    "deposed": [],
                    "provider": ""
                }
            },
            "depends_on": []
        },
        {
            "path": [
                "root",
                "vpc_sandbox"
            ],
            "outputs": {
                "vpc_id": {
                    "sensitive": false,
                    "type": "string",
                    "value": "vpc-8062afe6"
                }
            },
            "resources": {
                "aws_vpc.vpc": {
                    "type": "aws_vpc",
                    "depends_on": [],
                    "primary": {
                        "id": "vpc-8062afe6",
                        "attributes": {
                            "assign_generated_ipv6_cidr_block": "false",
                            "cidr_block": "10.0.0.0/16",
                            "default_network_acl_id": "acl-1bae3a7d",
                            "default_route_table_id": "rtb-53095e35",
                            "default_security_group_id": "sg-4440983e",
                            "dhcp_options_id": "dopt-34c5fa53",
                            "enable_classiclink": "false",
                            "enable_dns_hostnames": "false",
                            "enable_dns_support": "true",
                            "id": "vpc-8062afe6",
                            "instance_tenancy": "default",
                            "main_route_table_id": "rtb-53095e35",
                            "tags.%": "2",
                            "tags.Name": "West-2 Sandox",
                            "tags.Terraform": "1"
                        },
                        "meta": {},
                        "tainted": false
                    },
                    "deposed": [],
                    "provider": ""
                }
            },
            "depends_on": []
        }
    ]
}
